
Microsoft Visual Studio Solution File, Format Version 12.00
# Visual Studio Version 16
VisualStudioVersion = 16.0.29728.190
MinimumVisualStudioVersion = 10.0.40219.1
Project("{FAE04EC0-301F-11D3-BF4B-00C04F79EFBC}") = "WorkWithDirectory_CodeLibrary", "WorkWithDirectory_CodeLibrary\WorkWithDirectory_CodeLibrary.csproj", "{307ECBC2-7EF6-4FE0-9209-CA09E661B8E9}"
EndProject
Global
	GlobalSection(SolutionConfigurationPlatforms) = preSolution
		Debug|Any CPU = Debug|Any CPU
		Release|Any CPU = Release|Any CPU
	EndGlobalSection
	GlobalSection(ProjectConfigurationPlatforms) = postSolution
		{307ECBC2-7EF6-4FE0-9209-CA09E661B8E9}.Debug|Any CPU.ActiveCfg = Debug|Any CPU
		{307ECBC2-7EF6-4FE0-9209-CA09E661B8E9}.Debug|Any CPU.Build.0 = Debug|Any CPU
		{307ECBC2-7EF6-4FE0-9209-CA09E661B8E9}.Release|Any CPU.ActiveCfg = Release|Any CPU
		{307ECBC2-7EF6-4FE0-9209-CA09E661B8E9}.Release|Any CPU.Build.0 = Release|Any CPU
	EndGlobalSection
	GlobalSection(SolutionProperties) = preSolution
		HideSolutionNode = FALSE
	EndGlobalSection
	GlobalSection(ExtensibilityGlobals) = postSolution
		SolutionGuid = {AFAC51CA-534C-46D5-9C1D-9FF43ED46C03}
	EndGlobalSection
EndGlobal
